
Microsoft Visual Studio Solution File, Format Version 12.00
# Visual Studio 15
VisualStudioVersion = 15.0.28010.2036
MinimumVisualStudioVersion = 10.0.40219.1
Project("{FAE04EC0-301F-11D3-BF4B-00C04F79EFBC}") = "GoTo", "GoTo\GoTo.csproj", "{509A5046-AE65-4982-A113-B09D8305B131}"
EndProject
Global
	GlobalSection(SolutionConfigurationPlatforms) = preSolution
		Debug|Any CPU = Debug|Any CPU
		Release|Any CPU = Release|Any CPU
	EndGlobalSection
	GlobalSection(ProjectConfigurationPlatforms) = postSolution
		{509A5046-AE65-4982-A113-B09D8305B131}.Debug|Any CPU.ActiveCfg = Debug|Any CPU
		{509A5046-AE65-4982-A113-B09D8305B131}.Debug|Any CPU.Build.0 = Debug|Any CPU
		{509A5046-AE65-4982-A113-B09D8305B131}.Release|Any CPU.ActiveCfg = Release|Any CPU
		{509A5046-AE65-4982-A113-B09D8305B131}.Release|Any CPU.Build.0 = Release|Any CPU
	EndGlobalSection
	GlobalSection(SolutionProperties) = preSolution
		HideSolutionNode = FALSE
	EndGlobalSection
	GlobalSection(ExtensibilityGlobals) = postSolution
		SolutionGuid = {07C4F182-F05C-44F3-85C2-32017D9CFD7B}
	EndGlobalSection
EndGlobal
